// !$*UTF8*$!
{
	archiveVersion = 1;
	classes = {
	};
	objectVersion = 77;
	objects = {

/* Begin PBXBuildFile section */
		CF40B61A2E394FFE008CA48A /* FirebaseFirestore in Frameworks */ = {isa = PBXBuildFile; productRef = CF40B6192E394FFE008CA48A /* FirebaseFirestore */; };
		CF9384A22E3965C0008913A2 /* FirebaseAuth in Frameworks */ = {isa = PBXBuildFile; productRef = CF9384A12E3965C0008913A2 /* FirebaseAuth */; };
		CF9384A42E397C31008913A2 /* FirebaseRemoteConfig in Frameworks */ = {isa = PBXBuildFile; productRef = CF9384A32E397C31008913A2 /* FirebaseRemoteConfig */; };
		CF9384A62E398D4E008913A2 /* FirebaseAnalytics in Frameworks */ = {isa = PBXBuildFile; productRef = CF9384A52E398D4E008913A2 /* FirebaseAnalytics */; };
/* End PBXBuildFile section */

/* Begin PBXContainerItemProxy section */
		CF40B5FC2E394ABA008CA48A /* PBXContainerItemProxy */ = {
			isa = PBXContainerItemProxy;
			containerPortal = CF40B5E52E394AB9008CA48A /* Project object */;
			proxyType = 1;
			remoteGlobalIDString = CF40B5EC2E394AB9008CA48A;
			remoteInfo = ConfigHub;
		};
		CF40B6062E394ABA008CA48A /* PBXContainerItemProxy */ = {
			isa = PBXContainerItemProxy;
			containerPortal = CF40B5E52E394AB9008CA48A /* Project object */;
			proxyType = 1;
			remoteGlobalIDString = CF40B5EC2E394AB9008CA48A;
			remoteInfo = ConfigHub;
		};
/* End PBXContainerItemProxy section */

/* Begin PBXFileReference section */
		CF40B5ED2E394AB9008CA48A /* ConfigHub.app */ = {isa = PBXFileReference; explicitFileType = wrapper.application; includeInIndex = 0; path = ConfigHub.app; sourceTree = BUILT_PRODUCTS_DIR; };
		CF40B5FB2E394ABA008CA48A /* ConfigHubTests.xctest */ = {isa = PBXFileReference; explicitFileType = wrapper.cfbundle; includeInIndex = 0; path = ConfigHubTests.xctest; sourceTree = BUILT_PRODUCTS_DIR; };
		CF40B6052E394ABA008CA48A /* ConfigHubUITests.xctest */ = {isa = PBXFileReference; explicitFileType = wrapper.cfbundle; includeInIndex = 0; path = ConfigHubUITests.xctest; sourceTree = BUILT_PRODUCTS_DIR; };
/* End PBXFileReference section */

/* Begin PBXFileSystemSynchronizedRootGroup section */
		CF40B5EF2E394AB9008CA48A /* ConfigHub */ = {
			isa = PBXFileSystemSynchronizedRootGroup;
			path = ConfigHub;
			sourceTree = "<group>";
		};
		CF40B5FE2E394ABA008CA48A /* ConfigHubTests */ = {
			isa = PBXFileSystemSynchronizedRootGroup;
			path = ConfigHubTests;
			sourceTree = "<group>";
		};
		CF40B6082E394ABA008CA48A /* ConfigHubUITests */ = {
			isa = PBXFileSystemSynchronizedRootGroup;
			path = ConfigHubUITests;
			sourceTree = "<group>";
		};
		CFA1AE542E42D4FF00768A22 /* config */ = {
			isa = PBXFileSystemSynchronizedRootGroup;
			path = config;
			sourceTree = "<group>";
		};
		CFA1AE612E42D56100768A22 /* scripts */ = {
			isa = PBXFileSystemSynchronizedRootGroup;
			path = scripts;
			sourceTree = "<group>";
		};
/* End PBXFileSystemSynchronizedRootGroup section */

/* Begin PBXFrameworksBuildPhase section */
		CF40B5EA2E394AB9008CA48A /* Frameworks */ = {
			isa = PBXFrameworksBuildPhase;
			buildActionMask = 2147483647;
			files = (
				CF9384A42E397C31008913A2 /* FirebaseRemoteConfig in Frameworks */,
				CF40B61A2E394FFE008CA48A /* FirebaseFirestore in Frameworks */,
				CF9384A62E398D4E008913A2 /* FirebaseAnalytics in Frameworks */,
				CF9384A22E3965C0008913A2 /* FirebaseAuth in Frameworks */,
			);
			runOnlyForDeploymentPostprocessing = 0;
		};
		CF40B5F82E394ABA008CA48A /* Frameworks */ = {
			isa = PBXFrameworksBuildPhase;
			buildActionMask = 2147483647;
			files = (
			);
			runOnlyForDeploymentPostprocessing = 0;
		};
		CF40B6022E394ABA008CA48A /* Frameworks */ = {
			isa = PBXFrameworksBuildPhase;
			buildActionMask = 2147483647;
			files = (
			);
			runOnlyForDeploymentPostprocessing = 0;
		};
/* End PBXFrameworksBuildPhase section */

/* Begin PBXGroup section */
		CF40B5E42E394AB9008CA48A = {
			isa = PBXGroup;
			children = (
				CFA1AE612E42D56100768A22 /* scripts */,
				CFA1AE542E42D4FF00768A22 /* config */,
				CF40B5EF2E394AB9008CA48A /* ConfigHub */,
				CF40B5FE2E394ABA008CA48A /* ConfigHubTests */,
				CF40B6082E394ABA008CA48A /* ConfigHubUITests */,
				CF40B5EE2E394AB9008CA48A /* Products */,
			);
			sourceTree = "<group>";
		};
		CF40B5EE2E394AB9008CA48A /* Products */ = {
			isa = PBXGroup;
			children = (
				CF40B5ED2E394AB9008CA48A /* ConfigHub.app */,
				CF40B5FB2E394ABA008CA48A /* ConfigHubTests.xctest */,
				CF40B6052E394ABA008CA48A /* ConfigHubUITests.xctest */,
			);
			name = Products;
			sourceTree = "<group>";
		};
/* End PBXGroup section */

/* Begin PBXNativeTarget section */
		CF40B5EC2E394AB9008CA48A /* ConfigHub */ = {
			isa = PBXNativeTarget;
			buildConfigurationList = CF40B60F2E394ABA008CA48A /* Build configuration list for PBXNativeTarget "ConfigHub" */;
			buildPhases = (
				CF40B5E92E394AB9008CA48A /* Sources */,
				CF40B5EA2E394AB9008CA48A /* Frameworks */,
				CF40B5EB2E394AB9008CA48A /* Resources */,
			);
			buildRules = (
			);
			dependencies = (
			);
			fileSystemSynchronizedGroups = (
				CF40B5EF2E394AB9008CA48A /* ConfigHub */,
				CFA1AE542E42D4FF00768A22 /* config */,
				CFA1AE612E42D56100768A22 /* scripts */,
			);
			name = ConfigHub;
			packageProductDependencies = (
				CF40B6192E394FFE008CA48A /* FirebaseFirestore */,
				CF9384A12E3965C0008913A2 /* FirebaseAuth */,
				CF9384A32E397C31008913A2 /* FirebaseRemoteConfig */,
				CF9384A52E398D4E008913A2 /* FirebaseAnalytics */,
			);
			productName = ConfigHub;
			productReference = CF40B5ED2E394AB9008CA48A /* ConfigHub.app */;
			productType = "com.apple.product-type.application";
		};
		CF40B5FA2E394ABA008CA48A /* ConfigHubTests */ = {
			isa = PBXNativeTarget;
			buildConfigurationList = CF40B6122E394ABA008CA48A /* Build configuration list for PBXNativeTarget "ConfigHubTests" */;
			buildPhases = (
				CF40B5F72E394ABA008CA48A /* Sources */,
				CF40B5F82E394ABA008CA48A /* Frameworks */,
				CF40B5F92E394ABA008CA48A /* Resources */,
			);
			buildRules = (
			);
			dependencies = (
				CF40B5FD2E394ABA008CA48A /* PBXTargetDependency */,
			);
			fileSystemSynchronizedGroups = (
				CF40B5FE2E394ABA008CA48A /* ConfigHubTests */,
			);
			name = ConfigHubTests;
			packageProductDependencies = (
			);
			productName = ConfigHubTests;
			productReference = CF40B5FB2E394ABA008CA48A /* ConfigHubTests.xctest */;
			productType = "com.apple.product-type.bundle.unit-test";
		};
		CF40B6042E394ABA008CA48A /* ConfigHubUITests */ = {
			isa = PBXNativeTarget;
			buildConfigurationList = CF40B6152E394ABA008CA48A /* Build configuration list for PBXNativeTarget "ConfigHubUITests" */;
			buildPhases = (
				CF40B6012E394ABA008CA48A /* Sources */,
				CF40B6022E394ABA008CA48A /* Frameworks */,
				CF40B6032E394ABA008CA48A /* Resources */,
			);
			buildRules = (
			);
			dependencies = (
				CF40B6072E394ABA008CA48A /* PBXTargetDependency */,
			);
			fileSystemSynchronizedGroups = (
				CF40B6082E394ABA008CA48A /* ConfigHubUITests */,
			);
			name = ConfigHubUITests;
			packageProductDependencies = (
			);
			productName = ConfigHubUITests;
			productReference = CF40B6052E394ABA008CA48A /* ConfigHubUITests.xctest */;
			productType = "com.apple.product-type.bundle.ui-testing";
		};
/* End PBXNativeTarget section */

/* Begin PBXProject section */
		CF40B5E52E394AB9008CA48A /* Project object */ = {
			isa = PBXProject;
			attributes = {
				BuildIndependentTargetsInParallel = 1;
				LastSwiftUpdateCheck = 1640;
				LastUpgradeCheck = 1640;
				TargetAttributes = {
					CF40B5EC2E394AB9008CA48A = {
						CreatedOnToolsVersion = 16.4;
					};
					CF40B5FA2E394ABA008CA48A = {
						CreatedOnToolsVersion = 16.4;
						TestTargetID = CF40B5EC2E394AB9008CA48A;
					};
					CF40B6042E394ABA008CA48A = {
						CreatedOnToolsVersion = 16.4;
						TestTargetID = CF40B5EC2E394AB9008CA48A;
					};
				};
			};
			buildConfigurationList = CF40B5E82E394AB9008CA48A /* Build configuration list for PBXProject "ConfigHub" */;
			developmentRegion = en;
			hasScannedForEncodings = 0;
			knownRegions = (
				en,
				Base,
			);
			mainGroup = CF40B5E42E394AB9008CA48A;
			minimizedProjectReferenceProxies = 1;
			packageReferences = (
				CF40B6182E394FFE008CA48A /* XCRemoteSwiftPackageReference "firebase-ios-sdk" */,
			);
			preferredProjectObjectVersion = 77;
			productRefGroup = CF40B5EE2E394AB9008CA48A /* Products */;
			projectDirPath = "";
			projectRoot = "";
			targets = (
				CF40B5EC2E394AB9008CA48A /* ConfigHub */,
				CF40B5FA2E394ABA008CA48A /* ConfigHubTests */,
				CF40B6042E394ABA008CA48A /* ConfigHubUITests */,
			);
		};
/* End PBXProject section */

/* Begin PBXResourcesBuildPhase section */
		CF40B5EB2E394AB9008CA48A /* Resources */ = {
			isa = PBXResourcesBuildPhase;
			buildActionMask = 2147483647;
			files = (
			);
			runOnlyForDeploymentPostprocessing = 0;
		};
		CF40B5F92E394ABA008CA48A /* Resources */ = {
			isa = PBXResourcesBuildPhase;
			buildActionMask = 2147483647;
			files = (
			);
			runOnlyForDeploymentPostprocessing = 0;
		};
		CF40B6032E394ABA008CA48A /* Resources */ = {
			isa = PBXResourcesBuildPhase;
			buildActionMask = 2147483647;
			files = (
			);
			runOnlyForDeploymentPostprocessing = 0;
		};
/* End PBXResourcesBuildPhase section */

/* Begin PBXSourcesBuildPhase section */
		CF40B5E92E394AB9008CA48A /* Sources */ = {
			isa = PBXSourcesBuildPhase;
			buildActionMask = 2147483647;
			files = (
			);
			runOnlyForDeploymentPostprocessing = 0;
		};
		CF40B5F72E394ABA008CA48A /* Sources */ = {
			isa = PBXSourcesBuildPhase;
			buildActionMask = 2147483647;
			files = (
			);
			runOnlyForDeploymentPostprocessing = 0;
		};
		CF40B6012E394ABA008CA48A /* Sources */ = {
			isa = PBXSourcesBuildPhase;
			buildActionMask = 2147483647;
			files = (
			);
			runOnlyForDeploymentPostprocessing = 0;
		};
/* End PBXSourcesBuildPhase section */

/* Begin PBXTargetDependency section */
		CF40B5FD2E394ABA008CA48A /* PBXTargetDependency */ = {
			isa = PBXTargetDependency;
			target = CF40B5EC2E394AB9008CA48A /* ConfigHub */;
			targetProxy = CF40B5FC2E394ABA008CA48A /* PBXContainerItemProxy */;
		};
		CF40B6072E394ABA008CA48A /* PBXTargetDependency */ = {
			isa = PBXTargetDependency;
			target = CF40B5EC2E394AB9008CA48A /* ConfigHub */;
			targetProxy = CF40B6062E394ABA008CA48A /* PBXContainerItemProxy */;
		};
/* End PBXTargetDependency section */

/* Begin XCBuildConfiguration section */
		CF40B60D2E394ABA008CA48A /* Debug */ = {
			isa = XCBuildConfiguration;
			buildSettings = {
				ALWAYS_SEARCH_USER_PATHS = NO;
				ASSETCATALOG_COMPILER_GENERATE_SWIFT_ASSET_SYMBOL_EXTENSIONS = YES;
				CLANG_ANALYZER_NONNULL = YES;
				CLANG_ANALYZER_NUMBER_OBJECT_CONVERSION = YES_AGGRESSIVE;
				CLANG_CXX_LANGUAGE_STANDARD = "gnu++20";
				CLANG_ENABLE_MODULES = YES;
				CLANG_ENABLE_OBJC_ARC = YES;
				CLANG_ENABLE_OBJC_WEAK = YES;
				CLANG_WARN_BLOCK_CAPTURE_AUTORELEASING = YES;
				CLANG_WARN_BOOL_CONVERSION = YES;
				CLANG_WARN_COMMA = YES;
				CLANG_WARN_CONSTANT_CONVERSION = YES;
				CLANG_WARN_DEPRECATED_OBJC_IMPLEMENTATIONS = YES;
				CLANG_WARN_DIRECT_OBJC_ISA_USAGE = YES_ERROR;
				CLANG_WARN_DOCUMENTATION_COMMENTS = YES;
				CLANG_WARN_EMPTY_BODY = YES;
				CLANG_WARN_ENUM_CONVERSION = YES;
				CLANG_WARN_INFINITE_RECURSION = YES;
				CLANG_WARN_INT_CONVERSION = YES;
				CLANG_WARN_NON_LITERAL_NULL_CONVERSION = YES;
				CLANG_WARN_OBJC_IMPLICIT_RETAIN_SELF = YES;
				CLANG_WARN_OBJC_LITERAL_CONVERSION = YES;
				CLANG_WARN_OBJC_ROOT_CLASS = YES_ERROR;
				CLANG_WARN_QUOTED_INCLUDE_IN_FRAMEWORK_HEADER = YES;
				CLANG_WARN_RANGE_LOOP_ANALYSIS = YES;
				CLANG_WARN_STRICT_PROTOTYPES = YES;
				CLANG_WARN_SUSPICIOUS_MOVE = YES;
				CLANG_WARN_UNGUARDED_AVAILABILITY = YES_AGGRESSIVE;
				CLANG_WARN_UNREACHABLE_CODE = YES;
				CLANG_WARN__DUPLICATE_METHOD_MATCH = YES;
				COPY_PHASE_STRIP = NO;
				DEBUG_INFORMATION_FORMAT = dwarf;
				ENABLE_STRICT_OBJC_MSGSEND = YES;
				ENABLE_TESTABILITY = YES;
				ENABLE_USER_SCRIPT_SANDBOXING = YES;
				GCC_C_LANGUAGE_STANDARD = gnu17;
				GCC_DYNAMIC_NO_PIC = NO;
				GCC_NO_COMMON_BLOCKS = YES;
				GCC_OPTIMIZATION_LEVEL = 0;
				GCC_PREPROCESSOR_DEFINITIONS = (
					"DEBUG=1",
					"$(inherited)",
				);
				GCC_WARN_64_TO_32_BIT_CONVERSION = YES;
				GCC_WARN_ABOUT_RETURN_TYPE = YES_ERROR;
				GCC_WARN_UNDECLARED_SELECTOR = YES;
				GCC_WARN_UNINITIALIZED_AUTOS = YES_AGGRESSIVE;
				GCC_WARN_UNUSED_FUNCTION = YES;
				GCC_WARN_UNUSED_VARIABLE = YES;
				LOCALIZATION_PREFERS_STRING_CATALOGS = YES;
				MTL_ENABLE_DEBUG_INFO = INCLUDE_SOURCE;
				MTL_FAST_MATH = YES;
				ONLY_ACTIVE_ARCH = YES;
				SWIFT_ACTIVE_COMPILATION_CONDITIONS = "DEBUG $(inherited)";
				SWIFT_OPTIMIZATION_LEVEL = "-Onone";
			};
			name = Debug;
		};
		CF40B60E2E394ABA008CA48A /* Release */ = {
			isa = XCBuildConfiguration;
			buildSettings = {
				ALWAYS_SEARCH_USER_PATHS = NO;
				ASSETCATALOG_COMPILER_GENERATE_SWIFT_ASSET_SYMBOL_EXTENSIONS = YES;
				CLANG_ANALYZER_NONNULL = YES;
				CLANG_ANALYZER_NUMBER_OBJECT_CONVERSION = YES_AGGRESSIVE;
				CLANG_CXX_LANGUAGE_STANDARD = "gnu++20";
				CLANG_ENABLE_MODULES = YES;
				CLANG_ENABLE_OBJC_ARC = YES;
				CLANG_ENABLE_OBJC_WEAK = YES;
				CLANG_WARN_BLOCK_CAPTURE_AUTORELEASING = YES;
				CLANG_WARN_BOOL_CONVERSION = YES;
				CLANG_WARN_COMMA = YES;
				CLANG_WARN_CONSTANT_CONVERSION = YES;
				CLANG_WARN_DEPRECATED_OBJC_IMPLEMENTATIONS = YES;
				CLANG_WARN_DIRECT_OBJC_ISA_USAGE = YES_ERROR;
				CLANG_WARN_DOCUMENTATION_COMMENTS = YES;
				CLANG_WARN_EMPTY_BODY = YES;
				CLANG_WARN_ENUM_CONVERSION = YES;
				CLANG_WARN_INFINITE_RECURSION = YES;
				CLANG_WARN_INT_CONVERSION = YES;
				CLANG_WARN_NON_LITERAL_NULL_CONVERSION = YES;
				CLANG_WARN_OBJC_IMPLICIT_RETAIN_SELF = YES;
				CLANG_WARN_OBJC_LITERAL_CONVERSION = YES;
				CLANG_WARN_OBJC_ROOT_CLASS = YES_ERROR;
				CLANG_WARN_QUOTED_INCLUDE_IN_FRAMEWORK_HEADER = YES;
				CLANG_WARN_RANGE_LOOP_ANALYSIS = YES;
				CLANG_WARN_STRICT_PROTOTYPES = YES;
				CLANG_WARN_SUSPICIOUS_MOVE = YES;
				CLANG_WARN_UNGUARDED_AVAILABILITY = YES_AGGRESSIVE;
				CLANG_WARN_UNREACHABLE_CODE = YES;
				CLANG_WARN__DUPLICATE_METHOD_MATCH = YES;
				COPY_PHASE_STRIP = NO;
				DEBUG_INFORMATION_FORMAT = "dwarf-with-dsym";
				ENABLE_NS_ASSERTIONS = NO;
				ENABLE_STRICT_OBJC_MSGSEND = YES;
				ENABLE_USER_SCRIPT_SANDBOXING = YES;
				GCC_C_LANGUAGE_STANDARD = gnu17;
				GCC_NO_COMMON_BLOCKS = YES;
				GCC_WARN_64_TO_32_BIT_CONVERSION = YES;
				GCC_WARN_ABOUT_RETURN_TYPE = YES_ERROR;
				GCC_WARN_UNDECLARED_SELECTOR = YES;
				GCC_WARN_UNINITIALIZED_AUTOS = YES_AGGRESSIVE;
				GCC_WARN_UNUSED_FUNCTION = YES;
				GCC_WARN_UNUSED_VARIABLE = YES;
				LOCALIZATION_PREFERS_STRING_CATALOGS = YES;
				MTL_ENABLE_DEBUG_INFO = NO;
				MTL_FAST_MATH = YES;
				SWIFT_COMPILATION_MODE = wholemodule;
			};
			name = Release;
		};
		CF40B6102E394ABA008CA48A /* Debug */ = {
			isa = XCBuildConfiguration;
			buildSettings = {
				ASSETCATALOG_COMPILER_APPICON_NAME = AppIcon;
				ASSETCATALOG_COMPILER_GLOBAL_ACCENT_COLOR_NAME = AccentColor;
				CODE_SIGN_ENTITLEMENTS = ConfigHub/ConfigHub.entitlements;
				CODE_SIGN_STYLE = Automatic;
				CURRENT_PROJECT_VERSION = 1;
				ENABLE_PREVIEWS = YES;
				GENERATE_INFOPLIST_FILE = YES;
				"INFOPLIST_KEY_UIApplicationSceneManifest_Generation[sdk=iphoneos*]" = YES;
				"INFOPLIST_KEY_UIApplicationSceneManifest_Generation[sdk=iphonesimulator*]" = YES;
				"INFOPLIST_KEY_UIApplicationSupportsIndirectInputEvents[sdk=iphoneos*]" = YES;
				"INFOPLIST_KEY_UIApplicationSupportsIndirectInputEvents[sdk=iphonesimulator*]" = YES;
				"INFOPLIST_KEY_UILaunchScreen_Generation[sdk=iphoneos*]" = YES;
				"INFOPLIST_KEY_UILaunchScreen_Generation[sdk=iphonesimulator*]" = YES;
				"INFOPLIST_KEY_UIStatusBarStyle[sdk=iphoneos*]" = UIStatusBarStyleDefault;
				"INFOPLIST_KEY_UIStatusBarStyle[sdk=iphonesimulator*]" = UIStatusBarStyleDefault;
				INFOPLIST_KEY_UISupportedInterfaceOrientations_iPad = "UIInterfaceOrientationPortrait UIInterfaceOrientationPortraitUpsideDown UIInterfaceOrientationLandscapeLeft UIInterfaceOrientationLandscapeRight";
				INFOPLIST_KEY_UISupportedInterfaceOrientations_iPhone = "UIInterfaceOrientationPortrait UIInterfaceOrientationLandscapeLeft UIInterfaceOrientationLandscapeRight";
				IPHONEOS_DEPLOYMENT_TARGET = 18.5;
				LD_RUNPATH_SEARCH_PATHS = "@executable_path/Frameworks";
				"LD_RUNPATH_SEARCH_PATHS[sdk=macosx*]" = "@executable_path/../Frameworks";
				MACOSX_DEPLOYMENT_TARGET = 15.5;
				MARKETING_VERSION = 1.0;
				PRODUCT_BUNDLE_IDENTIFIER = com.raulflores.ConfigHub;
				PRODUCT_NAME = "$(TARGET_NAME)";
				REGISTER_APP_GROUPS = YES;
				SDKROOT = auto;
				SUPPORTED_PLATFORMS = "iphoneos iphonesimulator macosx xros xrsimulator";
				SWIFT_EMIT_LOC_STRINGS = YES;
				SWIFT_VERSION = 5.0;
				TARGETED_DEVICE_FAMILY = "1,2,7";
				XROS_DEPLOYMENT_TARGET = 2.5;
			};
			name = Debug;
		};
		CF40B6112E394ABA008CA48A /* Release */ = {
			isa = XCBuildConfiguration;
			buildSettings = {
				ASSETCATALOG_COMPILER_APPICON_NAME = AppIcon;
				ASSETCATALOG_COMPILER_GLOBAL_ACCENT_COLOR_NAME = AccentColor;
				CODE_SIGN_ENTITLEMENTS = ConfigHub/ConfigHub.entitlements;
				CODE_SIGN_STYLE = Automatic;
				CURRENT_PROJECT_VERSION = 1;
				ENABLE_PREVIEWS = YES;
				GENERATE_INFOPLIST_FILE = YES;
				"INFOPLIST_KEY_UIApplicationSceneManifest_Generation[sdk=iphoneos*]" = YES;
				"INFOPLIST_KEY_UIApplicationSceneManifest_Generation[sdk=iphonesimulator*]" = YES;
				"INFOPLIST_KEY_UIApplicationSupportsIndirectInputEvents[sdk=iphoneos*]" = YES;
				"INFOPLIST_KEY_UIApplicationSupportsIndirectInputEvents[sdk=iphonesimulator*]" = YES;
				"INFOPLIST_KEY_UILaunchScreen_Generation[sdk=iphoneos*]" = YES;
				"INFOPLIST_KEY_UILaunchScreen_Generation[sdk=iphonesimulator*]" = YES;
				"INFOPLIST_KEY_UIStatusBarStyle[sdk=iphoneos*]" = UIStatusBarStyleDefault;
				"INFOPLIST_KEY_UIStatusBarStyle[sdk=iphonesimulator*]" = UIStatusBarStyleDefault;
				INFOPLIST_KEY_UISupportedInterfaceOrientations_iPad = "UIInterfaceOrientationPortrait UIInterfaceOrientationPortraitUpsideDown UIInterfaceOrientationLandscapeLeft UIInterfaceOrientationLandscapeRight";
				INFOPLIST_KEY_UISupportedInterfaceOrientations_iPhone = "UIInterfaceOrientationPortrait UIInterfaceOrientationLandscapeLeft UIInterfaceOrientationLandscapeRight";
				IPHONEOS_DEPLOYMENT_TARGET = 18.5;
				LD_RUNPATH_SEARCH_PATHS = "@executable_path/Frameworks";
				"LD_RUNPATH_SEARCH_PATHS[sdk=macosx*]" = "@executable_path/../Frameworks";
				MACOSX_DEPLOYMENT_TARGET = 15.5;
				MARKETING_VERSION = 1.0;
				PRODUCT_BUNDLE_IDENTIFIER = com.raulflores.ConfigHub;
				PRODUCT_NAME = "$(TARGET_NAME)";
				REGISTER_APP_GROUPS = YES;
				SDKROOT = auto;
				SUPPORTED_PLATFORMS = "iphoneos iphonesimulator macosx xros xrsimulator";
				SWIFT_EMIT_LOC_STRINGS = YES;
				SWIFT_VERSION = 5.0;
				TARGETED_DEVICE_FAMILY = "1,2,7";
				XROS_DEPLOYMENT_TARGET = 2.5;
			};
			name = Release;
		};
		CF40B6132E394ABA008CA48A /* Debug */ = {
			isa = XCBuildConfiguration;
			buildSettings = {
				BUNDLE_LOADER = "$(TEST_HOST)";
				CODE_SIGN_STYLE = Automatic;
				CURRENT_PROJECT_VERSION = 1;
				GENERATE_INFOPLIST_FILE = YES;
				IPHONEOS_DEPLOYMENT_TARGET = 18.5;
				MACOSX_DEPLOYMENT_TARGET = 15.5;
				MARKETING_VERSION = 1.0;
				PRODUCT_BUNDLE_IDENTIFIER = com.flores.ConfigHubTests;
				PRODUCT_NAME = "$(TARGET_NAME)";
				SDKROOT = auto;
				SUPPORTED_PLATFORMS = "iphoneos iphonesimulator macosx xros xrsimulator";
				SWIFT_EMIT_LOC_STRINGS = NO;
				SWIFT_VERSION = 5.0;
				TARGETED_DEVICE_FAMILY = "1,2,7";
				TEST_HOST = "$(BUILT_PRODUCTS_DIR)/ConfigHub.app/$(BUNDLE_EXECUTABLE_FOLDER_PATH)/ConfigHub";
				XROS_DEPLOYMENT_TARGET = 2.5;
			};
			name = Debug;
		};
		CF40B6142E394ABA008CA48A /* Release */ = {
			isa = XCBuildConfiguration;
			buildSettings = {
				BUNDLE_LOADER = "$(TEST_HOST)";
				CODE_SIGN_STYLE = Automatic;
				CURRENT_PROJECT_VERSION = 1;
				GENERATE_INFOPLIST_FILE = YES;
				IPHONEOS_DEPLOYMENT_TARGET = 18.5;
				MACOSX_DEPLOYMENT_TARGET = 15.5;
				MARKETING_VERSION = 1.0;
				PRODUCT_BUNDLE_IDENTIFIER = com.flores.ConfigHubTests;
				PRODUCT_NAME = "$(TARGET_NAME)";
				SDKROOT = auto;
				SUPPORTED_PLATFORMS = "iphoneos iphonesimulator macosx xros xrsimulator";
				SWIFT_EMIT_LOC_STRINGS = NO;
				SWIFT_VERSION = 5.0;
				TARGETED_DEVICE_FAMILY = "1,2,7";
				TEST_HOST = "$(BUILT_PRODUCTS_DIR)/ConfigHub.app/$(BUNDLE_EXECUTABLE_FOLDER_PATH)/ConfigHub";
				XROS_DEPLOYMENT_TARGET = 2.5;
			};
			name = Release;
		};
		CF40B6162E394ABA008CA48A /* Debug */ = {
			isa = XCBuildConfiguration;
			buildSettings = {
				CODE_SIGN_STYLE = Automatic;
				CURRENT_PROJECT_VERSION = 1;
				GENERATE_INFOPLIST_FILE = YES;
				IPHONEOS_DEPLOYMENT_TARGET = 18.5;
				MACOSX_DEPLOYMENT_TARGET = 15.5;
				MARKETING_VERSION = 1.0;
				PRODUCT_BUNDLE_IDENTIFIER = com.flores.ConfigHubUITests;
				PRODUCT_NAME = "$(TARGET_NAME)";
				SDKROOT = auto;
				SUPPORTED_PLATFORMS = "iphoneos iphonesimulator macosx xros xrsimulator";
				SWIFT_EMIT_LOC_STRINGS = NO;
				SWIFT_VERSION = 5.0;
				TARGETED_DEVICE_FAMILY = "1,2,7";
				TEST_TARGET_NAME = ConfigHub;
				XROS_DEPLOYMENT_TARGET = 2.5;
			};
			name = Debug;
		};
		CF40B6172E394ABA008CA48A /* Release */ = {
			isa = XCBuildConfiguration;
			buildSettings = {
				CODE_SIGN_STYLE = Automatic;
				CURRENT_PROJECT_VERSION = 1;
				GENERATE_INFOPLIST_FILE = YES;
				IPHONEOS_DEPLOYMENT_TARGET = 18.5;
				MACOSX_DEPLOYMENT_TARGET = 15.5;
				MARKETING_VERSION = 1.0;
				PRODUCT_BUNDLE_IDENTIFIER = com.flores.ConfigHubUITests;
				PRODUCT_NAME = "$(TARGET_NAME)";
				SDKROOT = auto;
				SUPPORTED_PLATFORMS = "iphoneos iphonesimulator macosx xros xrsimulator";
				SWIFT_EMIT_LOC_STRINGS = NO;
				SWIFT_VERSION = 5.0;
				TARGETED_DEVICE_FAMILY = "1,2,7";
				TEST_TARGET_NAME = ConfigHub;
				XROS_DEPLOYMENT_TARGET = 2.5;
			};
			name = Release;
		};
/* End XCBuildConfiguration section */

/* Begin XCConfigurationList section */
		CF40B5E82E394AB9008CA48A /* Build configuration list for PBXProject "ConfigHub" */ = {
			isa = XCConfigurationList;
			buildConfigurations = (
				CF40B60D2E394ABA008CA48A /* Debug */,
				CF40B60E2E394ABA008CA48A /* Release */,
			);
			defaultConfigurationIsVisible = 0;
			defaultConfigurationName = Release;
		};
		CF40B60F2E394ABA008CA48A /* Build configuration list for PBXNativeTarget "ConfigHub" */ = {
			isa = XCConfigurationList;
			buildConfigurations = (
				CF40B6102E394ABA008CA48A /* Debug */,
				CF40B6112E394ABA008CA48A /* Release */,
			);
			defaultConfigurationIsVisible = 0;
			defaultConfigurationName = Release;
		};
		CF40B6122E394ABA008CA48A /* Build configuration list for PBXNativeTarget "ConfigHubTests" */ = {
			isa = XCConfigurationList;
			buildConfigurations = (
				CF40B6132E394ABA008CA48A /* Debug */,
				CF40B6142E394ABA008CA48A /* Release */,
			);
			defaultConfigurationIsVisible = 0;
			defaultConfigurationName = Release;
		};
		CF40B6152E394ABA008CA48A /* Build configuration list for PBXNativeTarget "ConfigHubUITests" */ = {
			isa = XCConfigurationList;
			buildConfigurations = (
				CF40B6162E394ABA008CA48A /* Debug */,
				CF40B6172E394ABA008CA48A /* Release */,
			);
			defaultConfigurationIsVisible = 0;
			defaultConfigurationName = Release;
		};
/* End XCConfigurationList section */

/* Begin XCRemoteSwiftPackageReference section */
		CF40B6182E394FFE008CA48A /* XCRemoteSwiftPackageReference "firebase-ios-sdk" */ = {
			isa = XCRemoteSwiftPackageReference;
			repositoryURL = "https://github.com/firebase/firebase-ios-sdk";
			requirement = {
				kind = upToNextMajorVersion;
				minimumVersion = 12.0.0;
			};
		};
/* End XCRemoteSwiftPackageReference section */

/* Begin XCSwiftPackageProductDependency section */
		CF40B6192E394FFE008CA48A /* FirebaseFirestore */ = {
			isa = XCSwiftPackageProductDependency;
			package = CF40B6182E394FFE008CA48A /* XCRemoteSwiftPackageReference "firebase-ios-sdk" */;
			productName = FirebaseFirestore;
		};
		CF9384A12E3965C0008913A2 /* FirebaseAuth */ = {
			isa = XCSwiftPackageProductDependency;
			package = CF40B6182E394FFE008CA48A /* XCRemoteSwiftPackageReference "firebase-ios-sdk" */;
			productName = FirebaseAuth;
		};
		CF9384A32E397C31008913A2 /* FirebaseRemoteConfig */ = {
			isa = XCSwiftPackageProductDependency;
			package = CF40B6182E394FFE008CA48A /* XCRemoteSwiftPackageReference "firebase-ios-sdk" */;
			productName = FirebaseRemoteConfig;
		};
		CF9384A52E398D4E008913A2 /* FirebaseAnalytics */ = {
			isa = XCSwiftPackageProductDependency;
			package = CF40B6182E394FFE008CA48A /* XCRemoteSwiftPackageReference "firebase-ios-sdk" */;
			productName = FirebaseAnalytics;
		};
/* End XCSwiftPackageProductDependency section */
	};
	rootObject = CF40B5E52E394AB9008CA48A /* Project object */;
}
